// !$*UTF8*$!
{
	archiveVersion = 1;
	classes = {
	};
	objectVersion = 50;
	objects = {

/* Begin PBXBuildFile section */
		FB60D66320F856ED00F3809C /* AppDelegate.m in Sources */ = {isa = PBXBuildFile; fileRef = FB60D66220F856ED00F3809C /* AppDelegate.m */; };
		FB60D66620F856ED00F3809C /* ViewController.m in Sources */ = {isa = PBXBuildFile; fileRef = FB60D66520F856ED00F3809C /* ViewController.m */; };
		FB60D66920F856ED00F3809C /* Main.storyboard in Resources */ = {isa = PBXBuildFile; fileRef = FB60D66720F856ED00F3809C /* Main.storyboard */; };
		FB60D66B20F856EF00F3809C /* Assets.xcassets in Resources */ = {isa = PBXBuildFile; fileRef = FB60D66A20F856EF00F3809C /* Assets.xcassets */; };
		FB60D66E20F856EF00F3809C /* LaunchScreen.storyboard in Resources */ = {isa = PBXBuildFile; fileRef = FB60D66C20F856EF00F3809C /* LaunchScreen.storyboard */; };
		FB60D67120F856EF00F3809C /* main.m in Sources */ = {isa = PBXBuildFile; fileRef = FB60D67020F856EF00F3809C /* main.m */; };
		FB92C5BD20F98B9F000040CD /* UMShare.framework in Frameworks */ = {isa = PBXBuildFile; fileRef = FB92C5A420F98B9C000040CD /* UMShare.framework */; };
		FB92C5BE20F98B9F000040CD /* back@2x.png in Resources */ = {isa = PBXBuildFile; fileRef = FB92C5A520F98B9C000040CD /* back@2x.png */; };
		FB92C5BF20F98B9F000040CD /* UMCommonLog.bundle in Resources */ = {isa = PBXBuildFile; fileRef = FB92C5A620F98B9D000040CD /* UMCommonLog.bundle */; };
		FB92C5C020F98B9F000040CD /* UMAnalytics.framework in Frameworks */ = {isa = PBXBuildFile; fileRef = FB92C5A720F98B9D000040CD /* UMAnalytics.framework */; };
		FB92C5C120F98B9F000040CD /* UMErrorCatch.framework in Frameworks */ = {isa = PBXBuildFile; fileRef = FB92C5A820F98B9D000040CD /* UMErrorCatch.framework */; };
		FB92C5C220F98B9F000040CD /* UShareUI.framework in Frameworks */ = {isa = PBXBuildFile; fileRef = FB92C5A920F98B9D000040CD /* UShareUI.framework */; };
		FB92C5C320F98B9F000040CD /* DS-Icon.ttf in Resources */ = {isa = PBXBuildFile; fileRef = FB92C5AA20F98B9D000040CD /* DS-Icon.ttf */; };
		FB92C5C420F98B9F000040CD /* Zocial.ttf in Resources */ = {isa = PBXBuildFile; fileRef = FB92C5AB20F98B9D000040CD /* Zocial.ttf */; };
		FB92C5C520F98B9F000040CD /* DS-Collection.ttf in Resources */ = {isa = PBXBuildFile; fileRef = FB92C5AC20F98B9D000040CD /* DS-Collection.ttf */; };
		FB92C5C620F98B9F000040CD /* UMSocialSDKPromptResources.bundle in Resources */ = {isa = PBXBuildFile; fileRef = FB92C5AD20F98B9D000040CD /* UMSocialSDKPromptResources.bundle */; };
		FB92C5C720F98B9F000040CD /* EvilIcons.ttf in Resources */ = {isa = PBXBuildFile; fileRef = FB92C5AE20F98B9D000040CD /* EvilIcons.ttf */; };
		FB92C5C820F98B9F000040CD /* WebP.framework in Frameworks */ = {isa = PBXBuildFile; fileRef = FB92C5AF20F98B9D000040CD /* WebP.framework */; };
		FB92C5C920F98B9F000040CD /* UMSocialSDKResources.bundle in Resources */ = {isa = PBXBuildFile; fileRef = FB92C5B020F98B9E000040CD /* UMSocialSDKResources.bundle */; };
		FB92C5CA20F98B9F000040CD /* WebPDemux.framework in Frameworks */ = {isa = PBXBuildFile; fileRef = FB92C5B120F98B9E000040CD /* WebPDemux.framework */; };
		FB92C5CB20F98B9F000040CD /* Feather.ttf in Resources */ = {isa = PBXBuildFile; fileRef = FB92C5B220F98B9E000040CD /* Feather.ttf */; };
		FB92C5CC20F98B9F000040CD /* complate.wav in Resources */ = {isa = PBXBuildFile; fileRef = FB92C5B320F98B9E000040CD /* complate.wav */; };
		FB92C5CD20F98B9F000040CD /* dang.wav in Resources */ = {isa = PBXBuildFile; fileRef = FB92C5B420F98B9E000040CD /* dang.wav */; };
		FB92C5CE20F98B9F000040CD /* DS-Digital.ttf in Resources */ = {isa = PBXBuildFile; fileRef = FB92C5B520F98B9E000040CD /* DS-Digital.ttf */; };
		FB92C5CF20F98B9F000040CD /* warn.wav in Resources */ = {isa = PBXBuildFile; fileRef = FB92C5B620F98B9E000040CD /* warn.wav */; };
		FB92C5D020F98B9F000040CD /* UMCommon.framework in Frameworks */ = {isa = PBXBuildFile; fileRef = FB92C5B720F98B9F000040CD /* UMCommon.framework */; };
		FB92C5D120F98B9F000040CD /* bell.wav in Resources */ = {isa = PBXBuildFile; fileRef = FB92C5B820F98B9F000040CD /* bell.wav */; };
		FB92C5D220F98B9F000040CD /* Entypo.ttf in Resources */ = {isa = PBXBuildFile; fileRef = FB92C5B920F98B9F000040CD /* Entypo.ttf */; };
		FB92C5D320F98B9F000040CD /* FontAwesome.ttf in Resources */ = {isa = PBXBuildFile; fileRef = FB92C5BA20F98B9F000040CD /* FontAwesome.ttf */; };
		FB92C5D420F98B9F000040CD /* UMCommonLog.framework in Frameworks */ = {isa = PBXBuildFile; fileRef = FB92C5BB20F98B9F000040CD /* UMCommonLog.framework */; };
		FB92C5D520F98BA0000040CD /* click.wav in Resources */ = {isa = PBXBuildFile; fileRef = FB92C5BC20F98B9F000040CD /* click.wav */; };
		FB92C5D920F98BE5000040CD /* libsqlite3.tbd in Frameworks */ = {isa = PBXBuildFile; fileRef = FB92C5D720F98BE5000040CD /* libsqlite3.tbd */; };
		FB92C5DA20F98BE5000040CD /* libsqlite3.0.tbd in Frameworks */ = {isa = PBXBuildFile; fileRef = FB92C5D820F98BE5000040CD /* libsqlite3.0.tbd */; };
		FB92C5DC20F98BF7000040CD /* libresolv.tbd in Frameworks */ = {isa = PBXBuildFile; fileRef = FB92C5DB20F98BF7000040CD /* libresolv.tbd */; };
		FB92C5DE20F98C05000040CD /* libz.tbd in Frameworks */ = {isa = PBXBuildFile; fileRef = FB92C5DD20F98C05000040CD /* libz.tbd */; };
		FB92C5E020F98C0D000040CD /* libc++.tbd in Frameworks */ = {isa = PBXBuildFile; fileRef = FB92C5DF20F98C0D000040CD /* libc++.tbd */; };
		FB92C5E220F98D85000040CD /* UMPush.framework in Frameworks */ = {isa = PBXBuildFile; fileRef = FB92C5E120F98D85000040CD /* UMPush.framework */; };
		FB93209F20F8E610006E9A72 /* main.jsbundle in Resources */ = {isa = PBXBuildFile; fileRef = FB93209D20F8E610006E9A72 /* main.jsbundle */; };
		FB9320A020F8E610006E9A72 /* libBSWebImage.a in Frameworks */ = {isa = PBXBuildFile; fileRef = FB93209E20F8E610006E9A72 /* libBSWebImage.a */; };
/* End PBXBuildFile section */

/* Begin PBXFileReference section */
		FB60D65E20F856ED00F3809C /* SLibBSWebImage.app */ = {isa = PBXFileReference; explicitFileType = wrapper.application; includeInIndex = 0; path = SLibBSWebImage.app; sourceTree = BUILT_PRODUCTS_DIR; };
		FB60D66120F856ED00F3809C /* AppDelegate.h */ = {isa = PBXFileReference; lastKnownFileType = sourcecode.c.h; path = AppDelegate.h; sourceTree = "<group>"; };
		FB60D66220F856ED00F3809C /* AppDelegate.m */ = {isa = PBXFileReference; lastKnownFileType = sourcecode.c.objc; path = AppDelegate.m; sourceTree = "<group>"; };
		FB60D66420F856ED00F3809C /* ViewController.h */ = {isa = PBXFileReference; lastKnownFileType = sourcecode.c.h; path = ViewController.h; sourceTree = "<group>"; };
		FB60D66520F856ED00F3809C /* ViewController.m */ = {isa = PBXFileReference; lastKnownFileType = sourcecode.c.objc; path = ViewController.m; sourceTree = "<group>"; };
		FB60D66820F856ED00F3809C /* Base */ = {isa = PBXFileReference; lastKnownFileType = file.storyboard; name = Base; path = Base.lproj/Main.storyboard; sourceTree = "<group>"; };
		FB60D66A20F856EF00F3809C /* Assets.xcassets */ = {isa = PBXFileReference; lastKnownFileType = folder.assetcatalog; path = Assets.xcassets; sourceTree = "<group>"; };
		FB60D66D20F856EF00F3809C /* Base */ = {isa = PBXFileReference; lastKnownFileType = file.storyboard; name = Base; path = Base.lproj/LaunchScreen.storyboard; sourceTree = "<group>"; };
		FB60D66F20F856EF00F3809C /* Info.plist */ = {isa = PBXFileReference; lastKnownFileType = text.plist.xml; path = Info.plist; sourceTree = "<group>"; };
		FB60D67020F856EF00F3809C /* main.m */ = {isa = PBXFileReference; lastKnownFileType = sourcecode.c.objc; path = main.m; sourceTree = "<group>"; };
		FB92C5A420F98B9C000040CD /* UMShare.framework */ = {isa = PBXFileReference; lastKnownFileType = wrapper.framework; path = UMShare.framework; sourceTree = "<group>"; };
		FB92C5A520F98B9C000040CD /* back@2x.png */ = {isa = PBXFileReference; lastKnownFileType = image.png; path = "back@2x.png"; sourceTree = "<group>"; };
		FB92C5A620F98B9D000040CD /* UMCommonLog.bundle */ = {isa = PBXFileReference; lastKnownFileType = "wrapper.plug-in"; path = UMCommonLog.bundle; sourceTree = "<group>"; };
		FB92C5A720F98B9D000040CD /* UMAnalytics.framework */ = {isa = PBXFileReference; lastKnownFileType = wrapper.framework; path = UMAnalytics.framework; sourceTree = "<group>"; };
		FB92C5A820F98B9D000040CD /* UMErrorCatch.framework */ = {isa = PBXFileReference; lastKnownFileType = wrapper.framework; path = UMErrorCatch.framework; sourceTree = "<group>"; };
		FB92C5A920F98B9D000040CD /* UShareUI.framework */ = {isa = PBXFileReference; lastKnownFileType = wrapper.framework; path = UShareUI.framework; sourceTree = "<group>"; };
		FB92C5AA20F98B9D000040CD /* DS-Icon.ttf */ = {isa = PBXFileReference; lastKnownFileType = file; path = "DS-Icon.ttf"; sourceTree = "<group>"; };
		FB92C5AB20F98B9D000040CD /* Zocial.ttf */ = {isa = PBXFileReference; lastKnownFileType = file; path = Zocial.ttf; sourceTree = "<group>"; };
		FB92C5AC20F98B9D000040CD /* DS-Collection.ttf */ = {isa = PBXFileReference; lastKnownFileType = file; path = "DS-Collection.ttf"; sourceTree = "<group>"; };
		FB92C5AD20F98B9D000040CD /* UMSocialSDKPromptResources.bundle */ = {isa = PBXFileReference; lastKnownFileType = "wrapper.plug-in"; path = UMSocialSDKPromptResources.bundle; sourceTree = "<group>"; };
		FB92C5AE20F98B9D000040CD /* EvilIcons.ttf */ = {isa = PBXFileReference; lastKnownFileType = file; path = EvilIcons.ttf; sourceTree = "<group>"; };
		FB92C5AF20F98B9D000040CD /* WebP.framework */ = {isa = PBXFileReference; lastKnownFileType = wrapper.framework; path = WebP.framework; sourceTree = "<group>"; };
		FB92C5B020F98B9E000040CD /* UMSocialSDKResources.bundle */ = {isa = PBXFileReference; lastKnownFileType = "wrapper.plug-in"; path = UMSocialSDKResources.bundle; sourceTree = "<group>"; };
		FB92C5B120F98B9E000040CD /* WebPDemux.framework */ = {isa = PBXFileReference; lastKnownFileType = wrapper.framework; path = WebPDemux.framework; sourceTree = "<group>"; };
		FB92C5B220F98B9E000040CD /* Feather.ttf */ = {isa = PBXFileReference; lastKnownFileType = file; path = Feather.ttf; sourceTree = "<group>"; };
		FB92C5B320F98B9E000040CD /* complate.wav */ = {isa = PBXFileReference; lastKnownFileType = audio.wav; path = complate.wav; sourceTree = "<group>"; };
		FB92C5B420F98B9E000040CD /* dang.wav */ = {isa = PBXFileReference; lastKnownFileType = audio.wav; path = dang.wav; sourceTree = "<group>"; };
		FB92C5B520F98B9E000040CD /* DS-Digital.ttf */ = {isa = PBXFileReference; lastKnownFileType = file; path = "DS-Digital.ttf"; sourceTree = "<group>"; };
		FB92C5B620F98B9E000040CD /* warn.wav */ = {isa = PBXFileReference; lastKnownFileType = audio.wav; path = warn.wav; sourceTree = "<group>"; };
		FB92C5B720F98B9F000040CD /* UMCommon.framework */ = {isa = PBXFileReference; lastKnownFileType = wrapper.framework; path = UMCommon.framework; sourceTree = "<group>"; };
		FB92C5B820F98B9F000040CD /* bell.wav */ = {isa = PBXFileReference; lastKnownFileType = audio.wav; path = bell.wav; sourceTree = "<group>"; };
		FB92C5B920F98B9F000040CD /* Entypo.ttf */ = {isa = PBXFileReference; lastKnownFileType = file; path = Entypo.ttf; sourceTree = "<group>"; };
		FB92C5BA20F98B9F000040CD /* FontAwesome.ttf */ = {isa = PBXFileReference; lastKnownFileType = file; path = FontAwesome.ttf; sourceTree = "<group>"; };
		FB92C5BB20F98B9F000040CD /* UMCommonLog.framework */ = {isa = PBXFileReference; lastKnownFileType = wrapper.framework; path = UMCommonLog.framework; sourceTree = "<group>"; };
		FB92C5BC20F98B9F000040CD /* click.wav */ = {isa = PBXFileReference; lastKnownFileType = audio.wav; path = click.wav; sourceTree = "<group>"; };
		FB92C5D720F98BE5000040CD /* libsqlite3.tbd */ = {isa = PBXFileReference; lastKnownFileType = "sourcecode.text-based-dylib-definition"; name = libsqlite3.tbd; path = usr/lib/libsqlite3.tbd; sourceTree = SDKROOT; };
		FB92C5D820F98BE5000040CD /* libsqlite3.0.tbd */ = {isa = PBXFileReference; lastKnownFileType = "sourcecode.text-based-dylib-definition"; name = libsqlite3.0.tbd; path = usr/lib/libsqlite3.0.tbd; sourceTree = SDKROOT; };
		FB92C5DB20F98BF7000040CD /* libresolv.tbd */ = {isa = PBXFileReference; lastKnownFileType = "sourcecode.text-based-dylib-definition"; name = libresolv.tbd; path = usr/lib/libresolv.tbd; sourceTree = SDKROOT; };
		FB92C5DD20F98C05000040CD /* libz.tbd */ = {isa = PBXFileReference; lastKnownFileType = "sourcecode.text-based-dylib-definition"; name = libz.tbd; path = usr/lib/libz.tbd; sourceTree = SDKROOT; };
		FB92C5DF20F98C0D000040CD /* libc++.tbd */ = {isa = PBXFileReference; lastKnownFileType = "sourcecode.text-based-dylib-definition"; name = "libc++.tbd"; path = "usr/lib/libc++.tbd"; sourceTree = SDKROOT; };
		FB92C5E120F98D85000040CD /* UMPush.framework */ = {isa = PBXFileReference; lastKnownFileType = wrapper.framework; path = UMPush.framework; sourceTree = "<group>"; };
		FB93209C20F8E610006E9A72 /* CentralControlUnit.h */ = {isa = PBXFileReference; fileEncoding = 4; lastKnownFileType = sourcecode.c.h; path = CentralControlUnit.h; sourceTree = "<group>"; };
		FB93209D20F8E610006E9A72 /* main.jsbundle */ = {isa = PBXFileReference; fileEncoding = 4; lastKnownFileType = text; path = main.jsbundle; sourceTree = "<group>"; };
		FB93209E20F8E610006E9A72 /* libBSWebImage.a */ = {isa = PBXFileReference; lastKnownFileType = archive.ar; path = libBSWebImage.a; sourceTree = "<group>"; };
/* End PBXFileReference section */

/* Begin PBXFrameworksBuildPhase section */
		FB60D65B20F856ED00F3809C /* Frameworks */ = {
			isa = PBXFrameworksBuildPhase;
			buildActionMask = 2147483647;
			files = (
				FB92C5E020F98C0D000040CD /* libc++.tbd in Frameworks */,
				FB92C5DE20F98C05000040CD /* libz.tbd in Frameworks */,
				FB92C5DC20F98BF7000040CD /* libresolv.tbd in Frameworks */,
				FB92C5D920F98BE5000040CD /* libsqlite3.tbd in Frameworks */,
				FB92C5DA20F98BE5000040CD /* libsqlite3.0.tbd in Frameworks */,
				FB92C5E220F98D85000040CD /* UMPush.framework in Frameworks */,
				FB92C5C820F98B9F000040CD /* WebP.framework in Frameworks */,
				FB92C5D020F98B9F000040CD /* UMCommon.framework in Frameworks */,
				FB92C5BD20F98B9F000040CD /* UMShare.framework in Frameworks */,
				FB92C5D420F98B9F000040CD /* UMCommonLog.framework in Frameworks */,
				FB92C5C120F98B9F000040CD /* UMErrorCatch.framework in Frameworks */,
				FB92C5CA20F98B9F000040CD /* WebPDemux.framework in Frameworks */,
				FB9320A020F8E610006E9A72 /* libBSWebImage.a in Frameworks */,
				FB92C5C020F98B9F000040CD /* UMAnalytics.framework in Frameworks */,
				FB92C5C220F98B9F000040CD /* UShareUI.framework in Frameworks */,
			);
			runOnlyForDeploymentPostprocessing = 0;
		};
/* End PBXFrameworksBuildPhase section */

/* Begin PBXGroup section */
		FB60D65520F856ED00F3809C = {
			isa = PBXGroup;
			children = (
				FB93209B20F8E610006E9A72 /* SLib */,
				FB60D66020F856ED00F3809C /* SLibBSWebImage */,
				FB60D65F20F856ED00F3809C /* Products */,
				FB92C5D620F98BE4000040CD /* Frameworks */,
			);
			sourceTree = "<group>";
		};
		FB60D65F20F856ED00F3809C /* Products */ = {
			isa = PBXGroup;
			children = (
				FB60D65E20F856ED00F3809C /* SLibBSWebImage.app */,
			);
			name = Products;
			sourceTree = "<group>";
		};
		FB60D66020F856ED00F3809C /* SLibBSWebImage */ = {
			isa = PBXGroup;
			children = (
				FB60D66120F856ED00F3809C /* AppDelegate.h */,
				FB60D66220F856ED00F3809C /* AppDelegate.m */,
				FB60D66420F856ED00F3809C /* ViewController.h */,
				FB60D66520F856ED00F3809C /* ViewController.m */,
				FB60D66720F856ED00F3809C /* Main.storyboard */,
				FB60D66A20F856EF00F3809C /* Assets.xcassets */,
				FB60D66C20F856EF00F3809C /* LaunchScreen.storyboard */,
				FB60D66F20F856EF00F3809C /* Info.plist */,
				FB60D67020F856EF00F3809C /* main.m */,
			);
			path = SLibBSWebImage;
			sourceTree = "<group>";
		};
		FB92C5D620F98BE4000040CD /* Frameworks */ = {
			isa = PBXGroup;
			children = (
				FB92C5DF20F98C0D000040CD /* libc++.tbd */,
				FB92C5DD20F98C05000040CD /* libz.tbd */,
				FB92C5DB20F98BF7000040CD /* libresolv.tbd */,
				FB92C5D820F98BE5000040CD /* libsqlite3.0.tbd */,
				FB92C5D720F98BE5000040CD /* libsqlite3.tbd */,
			);
			name = Frameworks;
			sourceTree = "<group>";
		};
		FB93209B20F8E610006E9A72 /* SLib */ = {
			isa = PBXGroup;
			children = (
				FB92C5E120F98D85000040CD /* UMPush.framework */,
				FB92C5A520F98B9C000040CD /* back@2x.png */,
				FB92C5B820F98B9F000040CD /* bell.wav */,
				FB92C5BC20F98B9F000040CD /* click.wav */,
				FB92C5B320F98B9E000040CD /* complate.wav */,
				FB92C5B420F98B9E000040CD /* dang.wav */,
				FB92C5AC20F98B9D000040CD /* DS-Collection.ttf */,
				FB92C5B520F98B9E000040CD /* DS-Digital.ttf */,
				FB92C5AA20F98B9D000040CD /* DS-Icon.ttf */,
				FB92C5B920F98B9F000040CD /* Entypo.ttf */,
				FB92C5AE20F98B9D000040CD /* EvilIcons.ttf */,
				FB92C5B220F98B9E000040CD /* Feather.ttf */,
				FB92C5BA20F98B9F000040CD /* FontAwesome.ttf */,
				FB92C5A720F98B9D000040CD /* UMAnalytics.framework */,
				FB92C5B720F98B9F000040CD /* UMCommon.framework */,
				FB92C5A620F98B9D000040CD /* UMCommonLog.bundle */,
				FB92C5BB20F98B9F000040CD /* UMCommonLog.framework */,
				FB92C5A820F98B9D000040CD /* UMErrorCatch.framework */,
				FB92C5A420F98B9C000040CD /* UMShare.framework */,
				FB92C5AD20F98B9D000040CD /* UMSocialSDKPromptResources.bundle */,
				FB92C5B020F98B9E000040CD /* UMSocialSDKResources.bundle */,
				FB92C5A920F98B9D000040CD /* UShareUI.framework */,
				FB92C5B620F98B9E000040CD /* warn.wav */,
				FB92C5AF20F98B9D000040CD /* WebP.framework */,
				FB92C5B120F98B9E000040CD /* WebPDemux.framework */,
				FB92C5AB20F98B9D000040CD /* Zocial.ttf */,
				FB93209C20F8E610006E9A72 /* CentralControlUnit.h */,
				FB93209D20F8E610006E9A72 /* main.jsbundle */,
				FB93209E20F8E610006E9A72 /* libBSWebImage.a */,
			);
			path = SLib;
			sourceTree = "<group>";
		};
/* End PBXGroup section */

/* Begin PBXNativeTarget section */
		FB60D65D20F856ED00F3809C /* SLibBSWebImage */ = {
			isa = PBXNativeTarget;
			buildConfigurationList = FB60D67420F856EF00F3809C /* Build configuration list for PBXNativeTarget "SLibBSWebImage" */;
			buildPhases = (
				FB60D65A20F856ED00F3809C /* Sources */,
				FB60D65B20F856ED00F3809C /* Frameworks */,
				FB60D65C20F856ED00F3809C /* Resources */,
			);
			buildRules = (
			);
			dependencies = (
			);
			name = SLibBSWebImage;
			productName = SLibBSWebImage;
			productReference = FB60D65E20F856ED00F3809C /* SLibBSWebImage.app */;
			productType = "com.apple.product-type.application";
		};
/* End PBXNativeTarget section */

/* Begin PBXProject section */
		FB60D65620F856ED00F3809C /* Project object */ = {
			isa = PBXProject;
			attributes = {
				LastUpgradeCheck = 0940;
				ORGANIZATIONNAME = "Shibo Sun";
				TargetAttributes = {
					FB60D65D20F856ED00F3809C = {
						CreatedOnToolsVersion = 9.4.1;
					};
				};
			};
			buildConfigurationList = FB60D65920F856ED00F3809C /* Build configuration list for PBXProject "SLibBSWebImage" */;
			compatibilityVersion = "Xcode 9.3";
			developmentRegion = en;
			hasScannedForEncodings = 0;
			knownRegions = (
				en,
				Base,
			);
			mainGroup = FB60D65520F856ED00F3809C;
			productRefGroup = FB60D65F20F856ED00F3809C /* Products */;
			projectDirPath = "";
			projectRoot = "";
			targets = (
				FB60D65D20F856ED00F3809C /* SLibBSWebImage */,
			);
		};
/* End PBXProject section */

/* Begin PBXResourcesBuildPhase section */
		FB60D65C20F856ED00F3809C /* Resources */ = {
			isa = PBXResourcesBuildPhase;
			buildActionMask = 2147483647;
			files = (
				FB92C5CD20F98B9F000040CD /* dang.wav in Resources */,
				FB92C5C420F98B9F000040CD /* Zocial.ttf in Resources */,
				FB92C5CC20F98B9F000040CD /* complate.wav in Resources */,
				FB92C5C720F98B9F000040CD /* EvilIcons.ttf in Resources */,
				FB92C5C520F98B9F000040CD /* DS-Collection.ttf in Resources */,
				FB60D66E20F856EF00F3809C /* LaunchScreen.storyboard in Resources */,
				FB92C5D220F98B9F000040CD /* Entypo.ttf in Resources */,
				FB60D66B20F856EF00F3809C /* Assets.xcassets in Resources */,
				FB92C5C920F98B9F000040CD /* UMSocialSDKResources.bundle in Resources */,
				FB92C5C320F98B9F000040CD /* DS-Icon.ttf in Resources */,
				FB92C5C620F98B9F000040CD /* UMSocialSDKPromptResources.bundle in Resources */,
				FB92C5D320F98B9F000040CD /* FontAwesome.ttf in Resources */,
				FB92C5BE20F98B9F000040CD /* back@2x.png in Resources */,
				FB92C5CB20F98B9F000040CD /* Feather.ttf in Resources */,
				FB92C5CE20F98B9F000040CD /* DS-Digital.ttf in Resources */,
				FB92C5D520F98BA0000040CD /* click.wav in Resources */,
				FB92C5BF20F98B9F000040CD /* UMCommonLog.bundle in Resources */,
				FB92C5CF20F98B9F000040CD /* warn.wav in Resources */,
				FB92C5D120F98B9F000040CD /* bell.wav in Resources */,
				FB60D66920F856ED00F3809C /* Main.storyboard in Resources */,
				FB93209F20F8E610006E9A72 /* main.jsbundle in Resources */,
			);
			runOnlyForDeploymentPostprocessing = 0;
		};
/* End PBXResourcesBuildPhase section */

/* Begin PBXSourcesBuildPhase section */
		FB60D65A20F856ED00F3809C /* Sources */ = {
			isa = PBXSourcesBuildPhase;
			buildActionMask = 2147483647;
			files = (
				FB60D66620F856ED00F3809C /* ViewController.m in Sources */,
				FB60D67120F856EF00F3809C /* main.m in Sources */,
				FB60D66320F856ED00F3809C /* AppDelegate.m in Sources */,
			);
			runOnlyForDeploymentPostprocessing = 0;
		};
/* End PBXSourcesBuildPhase section */

/* Begin PBXVariantGroup section */
		FB60D66720F856ED00F3809C /* Main.storyboard */ = {
			isa = PBXVariantGroup;
			children = (
				FB60D66820F856ED00F3809C /* Base */,
			);
			name = Main.storyboard;
			sourceTree = "<group>";
		};
		FB60D66C20F856EF00F3809C /* LaunchScreen.storyboard */ = {
			isa = PBXVariantGroup;
			children = (
				FB60D66D20F856EF00F3809C /* Base */,
			);
			name = LaunchScreen.storyboard;
			sourceTree = "<group>";
		};
/* End PBXVariantGroup section */

/* Begin XCBuildConfiguration section */
		FB60D67220F856EF00F3809C /* Debug */ = {
			isa = XCBuildConfiguration;
			buildSettings = {
				ALWAYS_SEARCH_USER_PATHS = NO;
				CLANG_ANALYZER_NONNULL = YES;
				CLANG_ANALYZER_NUMBER_OBJECT_CONVERSION = YES_AGGRESSIVE;
				CLANG_CXX_LANGUAGE_STANDARD = "gnu++14";
				CLANG_CXX_LIBRARY = "libc++";
				CLANG_ENABLE_MODULES = YES;
				CLANG_ENABLE_OBJC_ARC = YES;
				CLANG_ENABLE_OBJC_WEAK = YES;
				CLANG_WARN_BLOCK_CAPTURE_AUTORELEASING = YES;
				CLANG_WARN_BOOL_CONVERSION = YES;
				CLANG_WARN_COMMA = YES;
				CLANG_WARN_CONSTANT_CONVERSION = YES;
				CLANG_WARN_DEPRECATED_OBJC_IMPLEMENTATIONS = YES;
				CLANG_WARN_DIRECT_OBJC_ISA_USAGE = YES_ERROR;
				CLANG_WARN_DOCUMENTATION_COMMENTS = YES;
				CLANG_WARN_EMPTY_BODY = YES;
				CLANG_WARN_ENUM_CONVERSION = YES;
				CLANG_WARN_INFINITE_RECURSION = YES;
				CLANG_WARN_INT_CONVERSION = YES;
				CLANG_WARN_NON_LITERAL_NULL_CONVERSION = YES;
				CLANG_WARN_OBJC_IMPLICIT_RETAIN_SELF = YES;
				CLANG_WARN_OBJC_LITERAL_CONVERSION = YES;
				CLANG_WARN_OBJC_ROOT_CLASS = YES_ERROR;
				CLANG_WARN_RANGE_LOOP_ANALYSIS = YES;
				CLANG_WARN_STRICT_PROTOTYPES = YES;
				CLANG_WARN_SUSPICIOUS_MOVE = YES;
				CLANG_WARN_UNGUARDED_AVAILABILITY = YES_AGGRESSIVE;
				CLANG_WARN_UNREACHABLE_CODE = YES;
				CLANG_WARN__DUPLICATE_METHOD_MATCH = YES;
				CODE_SIGN_IDENTITY = "iPhone Developer";
				COPY_PHASE_STRIP = NO;
				DEBUG_INFORMATION_FORMAT = dwarf;
				ENABLE_STRICT_OBJC_MSGSEND = YES;
				ENABLE_TESTABILITY = YES;
				GCC_C_LANGUAGE_STANDARD = gnu11;
				GCC_DYNAMIC_NO_PIC = NO;
				GCC_NO_COMMON_BLOCKS = YES;
				GCC_OPTIMIZATION_LEVEL = 0;
				GCC_PREPROCESSOR_DEFINITIONS = (
					"DEBUG=1",
					"$(inherited)",
				);
				GCC_WARN_64_TO_32_BIT_CONVERSION = YES;
				GCC_WARN_ABOUT_RETURN_TYPE = YES_ERROR;
				GCC_WARN_UNDECLARED_SELECTOR = YES;
				GCC_WARN_UNINITIALIZED_AUTOS = YES_AGGRESSIVE;
				GCC_WARN_UNUSED_FUNCTION = YES;
				GCC_WARN_UNUSED_VARIABLE = YES;
				IPHONEOS_DEPLOYMENT_TARGET = 9.0;
				MTL_ENABLE_DEBUG_INFO = YES;
				ONLY_ACTIVE_ARCH = YES;
				SDKROOT = iphoneos;
			};
			name = Debug;
		};
		FB60D67320F856EF00F3809C /* Release */ = {
			isa = XCBuildConfiguration;
			buildSettings = {
				ALWAYS_SEARCH_USER_PATHS = NO;
				CLANG_ANALYZER_NONNULL = YES;
				CLANG_ANALYZER_NUMBER_OBJECT_CONVERSION = YES_AGGRESSIVE;
				CLANG_CXX_LANGUAGE_STANDARD = "gnu++14";
				CLANG_CXX_LIBRARY = "libc++";
				CLANG_ENABLE_MODULES = YES;
				CLANG_ENABLE_OBJC_ARC = YES;
				CLANG_ENABLE_OBJC_WEAK = YES;
				CLANG_WARN_BLOCK_CAPTURE_AUTORELEASING = YES;
				CLANG_WARN_BOOL_CONVERSION = YES;
				CLANG_WARN_COMMA = YES;
				CLANG_WARN_CONSTANT_CONVERSION = YES;
				CLANG_WARN_DEPRECATED_OBJC_IMPLEMENTATIONS = YES;
				CLANG_WARN_DIRECT_OBJC_ISA_USAGE = YES_ERROR;
				CLANG_WARN_DOCUMENTATION_COMMENTS = YES;
				CLANG_WARN_EMPTY_BODY = YES;
				CLANG_WARN_ENUM_CONVERSION = YES;
				CLANG_WARN_INFINITE_RECURSION = YES;
				CLANG_WARN_INT_CONVERSION = YES;
				CLANG_WARN_NON_LITERAL_NULL_CONVERSION = YES;
				CLANG_WARN_OBJC_IMPLICIT_RETAIN_SELF = YES;
				CLANG_WARN_OBJC_LITERAL_CONVERSION = YES;
				CLANG_WARN_OBJC_ROOT_CLASS = YES_ERROR;
				CLANG_WARN_RANGE_LOOP_ANALYSIS = YES;
				CLANG_WARN_STRICT_PROTOTYPES = YES;
				CLANG_WARN_SUSPICIOUS_MOVE = YES;
				CLANG_WARN_UNGUARDED_AVAILABILITY = YES_AGGRESSIVE;
				CLANG_WARN_UNREACHABLE_CODE = YES;
				CLANG_WARN__DUPLICATE_METHOD_MATCH = YES;
				CODE_SIGN_IDENTITY = "iPhone Developer";
				COPY_PHASE_STRIP = NO;
				DEBUG_INFORMATION_FORMAT = "dwarf-with-dsym";
				ENABLE_NS_ASSERTIONS = NO;
				ENABLE_STRICT_OBJC_MSGSEND = YES;
				GCC_C_LANGUAGE_STANDARD = gnu11;
				GCC_NO_COMMON_BLOCKS = YES;
				GCC_WARN_64_TO_32_BIT_CONVERSION = YES;
				GCC_WARN_ABOUT_RETURN_TYPE = YES_ERROR;
				GCC_WARN_UNDECLARED_SELECTOR = YES;
				GCC_WARN_UNINITIALIZED_AUTOS = YES_AGGRESSIVE;
				GCC_WARN_UNUSED_FUNCTION = YES;
				GCC_WARN_UNUSED_VARIABLE = YES;
				IPHONEOS_DEPLOYMENT_TARGET = 9.0;
				MTL_ENABLE_DEBUG_INFO = NO;
				SDKROOT = iphoneos;
				VALIDATE_PRODUCT = YES;
			};
			name = Release;
		};
		FB60D67520F856EF00F3809C /* Debug */ = {
			isa = XCBuildConfiguration;
			buildSettings = {
				ASSETCATALOG_COMPILER_APPICON_NAME = AppIcon;
				CODE_SIGN_STYLE = Automatic;
				DEVELOPMENT_TEAM = D85BP56YL6;
				FRAMEWORK_SEARCH_PATHS = (
					"$(inherited)",
					"$(PROJECT_DIR)/SLib",
				);
				INFOPLIST_FILE = SLibBSWebImage/Info.plist;
				IPHONEOS_DEPLOYMENT_TARGET = 9.0;
				LD_RUNPATH_SEARCH_PATHS = (
					"$(inherited)",
					"@executable_path/Frameworks",
				);
				LIBRARY_SEARCH_PATHS = (
					"$(inherited)",
					"$(PROJECT_DIR)/SLib",
				);
				OTHER_LDFLAGS = "-all_load";
				PRODUCT_BUNDLE_IDENTIFIER = com.xm.SLibBSWebImage;
				PRODUCT_NAME = "$(TARGET_NAME)";
				TARGETED_DEVICE_FAMILY = 1;
			};
			name = Debug;
		};
		FB60D67620F856EF00F3809C /* Release */ = {
			isa = XCBuildConfiguration;
			buildSettings = {
				ASSETCATALOG_COMPILER_APPICON_NAME = AppIcon;
				CODE_SIGN_STYLE = Automatic;
				DEVELOPMENT_TEAM = D85BP56YL6;
				FRAMEWORK_SEARCH_PATHS = (
					"$(inherited)",
					"$(PROJECT_DIR)/SLib",
				);
				INFOPLIST_FILE = SLibBSWebImage/Info.plist;
				IPHONEOS_DEPLOYMENT_TARGET = 9.0;
				LD_RUNPATH_SEARCH_PATHS = (
					"$(inherited)",
					"@executable_path/Frameworks",
				);
				LIBRARY_SEARCH_PATHS = (
					"$(inherited)",
					"$(PROJECT_DIR)/SLib",
				);
				OTHER_LDFLAGS = "-all_load";
				PRODUCT_BUNDLE_IDENTIFIER = com.xm.SLibBSWebImage;
				PRODUCT_NAME = "$(TARGET_NAME)";
				TARGETED_DEVICE_FAMILY = 1;
			};
			name = Release;
		};
/* End XCBuildConfiguration section */

/* Begin XCConfigurationList section */
		FB60D65920F856ED00F3809C /* Build configuration list for PBXProject "SLibBSWebImage" */ = {
			isa = XCConfigurationList;
			buildConfigurations = (
				FB60D67220F856EF00F3809C /* Debug */,
				FB60D67320F856EF00F3809C /* Release */,
			);
			defaultConfigurationIsVisible = 0;
			defaultConfigurationName = Release;
		};
		FB60D67420F856EF00F3809C /* Build configuration list for PBXNativeTarget "SLibBSWebImage" */ = {
			isa = XCConfigurationList;
			buildConfigurations = (
				FB60D67520F856EF00F3809C /* Debug */,
				FB60D67620F856EF00F3809C /* Release */,
			);
			defaultConfigurationIsVisible = 0;
			defaultConfigurationName = Release;
		};
/* End XCConfigurationList section */
	};
	rootObject = FB60D65620F856ED00F3809C /* Project object */;
}
